{
  "nodes": {
    "hardware": {
      "locked": {
        "lastModified": 1731403644,
        "narHash": "sha256-T9V7CTucjRZ4Qc6pUEV/kpgNGzQbHWfGcfK6JJLfUeI=",
        "owner": "NixOS",
        "repo": "nixos-hardware",
        "rev": "f6581f1c3b137086e42a08a906bdada63045f991",
        "type": "github"
      },
      "original": {
        "owner": "NixOS",
        "ref": "master",
        "repo": "nixos-hardware",
        "type": "github"
      }
    },
    "neomacs": {
      "inputs": {
        "nixpkgs": [
          "nixpkgs"
        ]
      },
      "locked": {
        "lastModified": 1747027947,
        "narHash": "sha256-LFBeE7P5MRnvBh6AotfFiw8nmuX8KRL2vSjT6MSkTKc=",
        "owner": "gingerfocus",
        "repo": "neomacs",
        "rev": "2bb17459f2a5693cb5dfee5707e2c8250f6edc62",
        "type": "github"
      },
      "original": {
        "owner": "gingerfocus",
        "repo": "neomacs",
        "type": "github"
      }
    },
    "nixpkgs": {
      "locked": {
        "lastModified": 1731603435,
        "narHash": "sha256-CqCX4JG7UiHvkrBTpYC3wcEurvbtTADLbo3Ns2CEoL8=",
        "owner": "nixos",
        "repo": "nixpkgs",
        "rev": "8b27c1239e5c421a2bbc2c65d52e4a6fbf2ff296",
        "type": "github"
      },
      "original": {
        "owner": "nixos",
        "ref": "24.11",
        "repo": "nixpkgs",
        "type": "github"
      }
    },
    "nixpkgs-unstable": {
      "locked": {
        "lastModified": 1746576598,
        "narHash": "sha256-FshoQvr6Aor5SnORVvh/ZdJ1Sa2U4ZrIMwKBX5k2wu0=",
        "owner": "nixos",
        "repo": "nixpkgs",
        "rev": "b3582c75c7f21ce0b429898980eddbbf05c68e55",
        "type": "github"
      },
      "original": {
        "owner": "nixos",
        "ref": "nixpkgs-unstable",
        "repo": "nixpkgs",
        "type": "github"
      }
    },
    "root": {
      "inputs": {
        "hardware": "hardware",
        "neomacs": "neomacs",
        "nixpkgs": "nixpkgs",
        "nixpkgs-unstable": "nixpkgs-unstable",
        "scripts": "scripts"
      }
    },
    "scripts": {
      "flake": false,
      "locked": {
        "lastModified": 1747192731,
        "narHash": "sha256-gkZ4ktrB1PEyuzoiAAn5LoWSJ1737dsrwAjwAlffw74=",
        "owner": "gingerfocus",
        "repo": "scripts",
        "rev": "83e0343602f953d6dd3821ef3066490aea922b29",
        "type": "github"
      },
      "original": {
        "owner": "gingerfocus",
        "repo": "scripts",
        "type": "github"
      }
    }
  },
  "root": "root",
  "version": 7
}
