{
  "nodes": {
    "hardware": {
      "locked": {
        "lastModified": 1731403644,
        "narHash": "sha256-T9V7CTucjRZ4Qc6pUEV/kpgNGzQbHWfGcfK6JJLfUeI=",
        "owner": "NixOS",
        "repo": "nixos-hardware",
        "rev": "f6581f1c3b137086e42a08a906bdada63045f991",
        "type": "github"
      },
      "original": {
        "owner": "NixOS",
        "ref": "master",
        "repo": "nixos-hardware",
        "type": "github"
      }
    },
    "home-manager": {
      "inputs": {
        "nixpkgs": [
          "zen-browser",
          "nixpkgs"
        ]
      },
      "locked": {
        "lastModified": 1743604125,
        "narHash": "sha256-ZD61DNbsBt1mQbinAaaEqKaJk2RFo9R/j+eYWeGMx7A=",
        "owner": "nix-community",
        "repo": "home-manager",
        "rev": "180fd43eea296e62ae68e079fcf56aba268b9a1a",
        "type": "github"
      },
      "original": {
        "owner": "nix-community",
        "repo": "home-manager",
        "type": "github"
      }
    },
    "neomacs": {
      "inputs": {
        "nixpkgs": [
          "nixpkgs-unstable"
        ]
      },
      "locked": {
        "lastModified": 1751066395,
        "narHash": "sha256-USHpSKJ44GEvs1zKDv6jDKTUkzxCrklmARugMB6y148=",
        "owner": "gingerfocus",
        "repo": "neomacs",
        "rev": "43fb7d1e7f8a10f1f8fd90c80b9ab1b0333491d7",
        "type": "github"
      },
      "original": {
        "owner": "gingerfocus",
        "repo": "neomacs",
        "type": "github"
      }
    },
    "nixpkgs": {
      "locked": {
        "lastModified": 1731603435,
        "narHash": "sha256-CqCX4JG7UiHvkrBTpYC3wcEurvbtTADLbo3Ns2CEoL8=",
        "owner": "nixos",
        "repo": "nixpkgs",
        "rev": "8b27c1239e5c421a2bbc2c65d52e4a6fbf2ff296",
        "type": "github"
      },
      "original": {
        "owner": "nixos",
        "ref": "24.11",
        "repo": "nixpkgs",
        "type": "github"
      }
    },
    "nixpkgs-unstable": {
      "locked": {
        "lastModified": 1746576598,
        "narHash": "sha256-FshoQvr6Aor5SnORVvh/ZdJ1Sa2U4ZrIMwKBX5k2wu0=",
        "owner": "nixos",
        "repo": "nixpkgs",
        "rev": "b3582c75c7f21ce0b429898980eddbbf05c68e55",
        "type": "github"
      },
      "original": {
        "owner": "nixos",
        "ref": "nixpkgs-unstable",
        "repo": "nixpkgs",
        "type": "github"
      }
    },
    "root": {
      "inputs": {
        "hardware": "hardware",
        "neomacs": "neomacs",
        "nixpkgs": "nixpkgs",
        "nixpkgs-unstable": "nixpkgs-unstable",
        "saka": "saka",
        "scripts": "scripts",
        "zen-browser": "zen-browser"
      }
    },
    "saka": {
      "inputs": {
        "nixpkgs": [
          "nixpkgs-unstable"
        ]
      },
      "locked": {
        "lastModified": 1751307010,
        "narHash": "sha256-P0WHHHNjuX27msieQeYR0VNVBpHgq+gvzEJUdYwxzj8=",
        "owner": "gingerfocus",
        "repo": "saka",
        "rev": "c2540923844baf69556c97d28a86f24b49a8630b",
        "type": "github"
      },
      "original": {
        "owner": "gingerfocus",
        "repo": "saka",
        "type": "github"
      }
    },
    "scripts": {
      "flake": false,
      "locked": {
        "lastModified": 1747192731,
        "narHash": "sha256-gkZ4ktrB1PEyuzoiAAn5LoWSJ1737dsrwAjwAlffw74=",
        "owner": "gingerfocus",
        "repo": "scripts",
        "rev": "83e0343602f953d6dd3821ef3066490aea922b29",
        "type": "github"
      },
      "original": {
        "owner": "gingerfocus",
        "repo": "scripts",
        "type": "github"
      }
    },
    "zen-browser": {
      "inputs": {
        "home-manager": "home-manager",
        "nixpkgs": [
          "nixpkgs"
        ]
      },
      "locked": {
        "lastModified": 1750557004,
        "narHash": "sha256-P3H0y4eYALvie8iFcT1LqmR+cB5UgT/qFoUWY/CX5O4=",
        "owner": "0xc000022070",
        "repo": "zen-browser-flake",
        "rev": "5bebd80f8684a7298013fcf9bf846369d3a6542a",
        "type": "github"
      },
      "original": {
        "owner": "0xc000022070",
        "repo": "zen-browser-flake",
        "type": "github"
      }
    }
  },
  "root": "root",
  "version": 7
}
